# Generated by pub
# See http://pub.dartlang.org/doc/glossary.html#lockfile
packages:
  crypto:
    description: crypto
    source: hosted
    version: "0.9.0"
  google_oauth2_client:
    description: google_oauth2_client
    source: hosted
    version: "0.3.2"
  google_plus_v1_api:
    description: google_plus_v1_api
    source: hosted
    version: "0.4.12"
  http:
    description: http
    source: hosted
    version: "0.9.0"
  ini:
    description: ini
    source: hosted
    version: "0.0.6"
  oauth2:
    description: oauth2
    source: hosted
    version: "0.9.0"
  path:
    description: path
    source: hosted
    version: "0.9.0"
  stack_trace:
    description: stack_trace
    source: hosted
    version: "0.9.0"
  unittest:
    description: unittest
    source: hosted
    version: "0.9.0"
